
Microsoft Visual Studio Solution File, Format Version 12.00
# Visual Studio Version 16
VisualStudioVersion = 16.0.31410.357
MinimumVisualStudioVersion = 10.0.40219.1
Project("{FAE04EC0-301F-11D3-BF4B-00C04F79EFBC}") = "WpfApp1", "WpfApp1\WpfApp1.csproj", "{AF5D27F5-DD95-4D52-B1C6-EB0B0739CF50}"
EndProject
Global
	GlobalSection(SolutionConfigurationPlatforms) = preSolution
		Debug|Any CPU = Debug|Any CPU
		Release|Any CPU = Release|Any CPU
	EndGlobalSection
	GlobalSection(ProjectConfigurationPlatforms) = postSolution
		{AF5D27F5-DD95-4D52-B1C6-EB0B0739CF50}.Debug|Any CPU.ActiveCfg = Debug|Any CPU
		{AF5D27F5-DD95-4D52-B1C6-EB0B0739CF50}.Debug|Any CPU.Build.0 = Debug|Any CPU
		{AF5D27F5-DD95-4D52-B1C6-EB0B0739CF50}.Release|Any CPU.ActiveCfg = Release|Any CPU
		{AF5D27F5-DD95-4D52-B1C6-EB0B0739CF50}.Release|Any CPU.Build.0 = Release|Any CPU
	EndGlobalSection
	GlobalSection(SolutionProperties) = preSolution
		HideSolutionNode = FALSE
	EndGlobalSection
	GlobalSection(ExtensibilityGlobals) = postSolution
		SolutionGuid = {CC4E518B-3B9A-4070-8A58-F6D3CD9FC7C2}
	EndGlobalSection
EndGlobal
